
Microsoft Visual Studio Solution File, Format Version 12.00
Project("{FAE04EC0-301F-11D3-BF4B-00C04F79EFBC}") = "Advanced Course", "Advanced Course\Advanced Course.csproj", "{1DA06617-A3DB-4E8B-A828-4B0A99104E7A}"
EndProject
Project("{FAE04EC0-301F-11D3-BF4B-00C04F79EFBC}") = "HRAdministrationAPI", "HRAdministrationAPI\HRAdministrationAPI.csproj", "{B0764CFA-8D8D-47CC-BF2F-77B67653C1C1}"
EndProject
Project("{FAE04EC0-301F-11D3-BF4B-00C04F79EFBC}") = "Delegate", "Delegate\Delegate.csproj", "{E2197A03-6F79-4218-9059-08CA622B3BCE}"
EndProject
Global
	GlobalSection(SolutionConfigurationPlatforms) = preSolution
		Debug|Any CPU = Debug|Any CPU
		Release|Any CPU = Release|Any CPU
	EndGlobalSection
	GlobalSection(ProjectConfigurationPlatforms) = postSolution
		{1DA06617-A3DB-4E8B-A828-4B0A99104E7A}.Debug|Any CPU.ActiveCfg = Debug|Any CPU
		{1DA06617-A3DB-4E8B-A828-4B0A99104E7A}.Debug|Any CPU.Build.0 = Debug|Any CPU
		{1DA06617-A3DB-4E8B-A828-4B0A99104E7A}.Release|Any CPU.ActiveCfg = Release|Any CPU
		{1DA06617-A3DB-4E8B-A828-4B0A99104E7A}.Release|Any CPU.Build.0 = Release|Any CPU
		{B0764CFA-8D8D-47CC-BF2F-77B67653C1C1}.Debug|Any CPU.ActiveCfg = Debug|Any CPU
		{B0764CFA-8D8D-47CC-BF2F-77B67653C1C1}.Debug|Any CPU.Build.0 = Debug|Any CPU
		{B0764CFA-8D8D-47CC-BF2F-77B67653C1C1}.Release|Any CPU.ActiveCfg = Release|Any CPU
		{B0764CFA-8D8D-47CC-BF2F-77B67653C1C1}.Release|Any CPU.Build.0 = Release|Any CPU
		{E2197A03-6F79-4218-9059-08CA622B3BCE}.Debug|Any CPU.ActiveCfg = Debug|Any CPU
		{E2197A03-6F79-4218-9059-08CA622B3BCE}.Debug|Any CPU.Build.0 = Debug|Any CPU
		{E2197A03-6F79-4218-9059-08CA622B3BCE}.Release|Any CPU.ActiveCfg = Release|Any CPU
		{E2197A03-6F79-4218-9059-08CA622B3BCE}.Release|Any CPU.Build.0 = Release|Any CPU
	EndGlobalSection
EndGlobal
